// !$*UTF8*$!
{
	archiveVersion = 1;
	classes = {
	};
	objectVersion = 50;
	objects = {

/* Begin PBXBuildFile section */
		23F49194259498210013D1B1 /* AppDelegate.swift in Sources */ = {isa = PBXBuildFile; fileRef = 23F49193259498210013D1B1 /* AppDelegate.swift */; };
		23F49196259498210013D1B1 /* SceneDelegate.swift in Sources */ = {isa = PBXBuildFile; fileRef = 23F49195259498210013D1B1 /* SceneDelegate.swift */; };
		23F49198259498210013D1B1 /* ViewController.swift in Sources */ = {isa = PBXBuildFile; fileRef = 23F49197259498210013D1B1 /* ViewController.swift */; };
		23F4919B259498210013D1B1 /* Main.storyboard in Resources */ = {isa = PBXBuildFile; fileRef = 23F49199259498210013D1B1 /* Main.storyboard */; };
		23F4919D259498240013D1B1 /* Assets.xcassets in Resources */ = {isa = PBXBuildFile; fileRef = 23F4919C259498240013D1B1 /* Assets.xcassets */; };
		23F491A0259498240013D1B1 /* LaunchScreen.storyboard in Resources */ = {isa = PBXBuildFile; fileRef = 23F4919E259498240013D1B1 /* LaunchScreen.storyboard */; };
		23F491AC25949A760013D1B1 /* CollectionViewCell.swift in Sources */ = {isa = PBXBuildFile; fileRef = 23F491AB25949A760013D1B1 /* CollectionViewCell.swift */; };
		23F491B82594B4F30013D1B1 /* Data.swift in Sources */ = {isa = PBXBuildFile; fileRef = 23F491B72594B4F30013D1B1 /* Data.swift */; };
/* End PBXBuildFile section */

/* Begin PBXFileReference section */
		23F49190259498210013D1B1 /* DynamicCollectionCells.app */ = {isa = PBXFileReference; explicitFileType = wrapper.application; includeInIndex = 0; path = DynamicCollectionCells.app; sourceTree = BUILT_PRODUCTS_DIR; };
		23F49193259498210013D1B1 /* AppDelegate.swift */ = {isa = PBXFileReference; lastKnownFileType = sourcecode.swift; path = AppDelegate.swift; sourceTree = "<group>"; };
		23F49195259498210013D1B1 /* SceneDelegate.swift */ = {isa = PBXFileReference; lastKnownFileType = sourcecode.swift; path = SceneDelegate.swift; sourceTree = "<group>"; };
		23F49197259498210013D1B1 /* ViewController.swift */ = {isa = PBXFileReference; lastKnownFileType = sourcecode.swift; path = ViewController.swift; sourceTree = "<group>"; };
		23F4919A259498210013D1B1 /* Base */ = {isa = PBXFileReference; lastKnownFileType = file.storyboard; name = Base; path = Base.lproj/Main.storyboard; sourceTree = "<group>"; };
		23F4919C259498240013D1B1 /* Assets.xcassets */ = {isa = PBXFileReference; lastKnownFileType = folder.assetcatalog; path = Assets.xcassets; sourceTree = "<group>"; };
		23F4919F259498240013D1B1 /* Base */ = {isa = PBXFileReference; lastKnownFileType = file.storyboard; name = Base; path = Base.lproj/LaunchScreen.storyboard; sourceTree = "<group>"; };
		23F491A1259498240013D1B1 /* Info.plist */ = {isa = PBXFileReference; lastKnownFileType = text.plist.xml; path = Info.plist; sourceTree = "<group>"; };
		23F491AB25949A760013D1B1 /* CollectionViewCell.swift */ = {isa = PBXFileReference; lastKnownFileType = sourcecode.swift; path = CollectionViewCell.swift; sourceTree = "<group>"; };
		23F491B72594B4F30013D1B1 /* Data.swift */ = {isa = PBXFileReference; lastKnownFileType = sourcecode.swift; path = Data.swift; sourceTree = "<group>"; };
/* End PBXFileReference section */

/* Begin PBXFrameworksBuildPhase section */
		23F4918D259498210013D1B1 /* Frameworks */ = {
			isa = PBXFrameworksBuildPhase;
			buildActionMask = 2147483647;
			files = (
			);
			runOnlyForDeploymentPostprocessing = 0;
		};
/* End PBXFrameworksBuildPhase section */

/* Begin PBXGroup section */
		23F49187259498210013D1B1 = {
			isa = PBXGroup;
			children = (
				23F49192259498210013D1B1 /* DynamicCollectionCells */,
				23F49191259498210013D1B1 /* Products */,
			);
			sourceTree = "<group>";
		};
		23F49191259498210013D1B1 /* Products */ = {
			isa = PBXGroup;
			children = (
				23F49190259498210013D1B1 /* DynamicCollectionCells.app */,
			);
			name = Products;
			sourceTree = "<group>";
		};
		23F49192259498210013D1B1 /* DynamicCollectionCells */ = {
			isa = PBXGroup;
			children = (
				23F49193259498210013D1B1 /* AppDelegate.swift */,
				23F49195259498210013D1B1 /* SceneDelegate.swift */,
				23F49197259498210013D1B1 /* ViewController.swift */,
				23F49199259498210013D1B1 /* Main.storyboard */,
				23F4919C259498240013D1B1 /* Assets.xcassets */,
				23F4919E259498240013D1B1 /* LaunchScreen.storyboard */,
				23F491A1259498240013D1B1 /* Info.plist */,
				23F491AB25949A760013D1B1 /* CollectionViewCell.swift */,
				23F491B72594B4F30013D1B1 /* Data.swift */,
			);
			path = DynamicCollectionCells;
			sourceTree = "<group>";
		};
/* End PBXGroup section */

/* Begin PBXNativeTarget section */
		23F4918F259498210013D1B1 /* DynamicCollectionCells */ = {
			isa = PBXNativeTarget;
			buildConfigurationList = 23F491A4259498240013D1B1 /* Build configuration list for PBXNativeTarget "DynamicCollectionCells" */;
			buildPhases = (
				23F4918C259498210013D1B1 /* Sources */,
				23F4918D259498210013D1B1 /* Frameworks */,
				23F4918E259498210013D1B1 /* Resources */,
			);
			buildRules = (
			);
			dependencies = (
			);
			name = DynamicCollectionCells;
			productName = DynamicCollectionCells;
			productReference = 23F49190259498210013D1B1 /* DynamicCollectionCells.app */;
			productType = "com.apple.product-type.application";
		};
/* End PBXNativeTarget section */

/* Begin PBXProject section */
		23F49188259498210013D1B1 /* Project object */ = {
			isa = PBXProject;
			attributes = {
				LastSwiftUpdateCheck = 1230;
				LastUpgradeCheck = 1230;
				TargetAttributes = {
					23F4918F259498210013D1B1 = {
						CreatedOnToolsVersion = 12.3;
					};
				};
			};
			buildConfigurationList = 23F4918B259498210013D1B1 /* Build configuration list for PBXProject "DynamicCollectionCells" */;
			compatibilityVersion = "Xcode 9.3";
			developmentRegion = en;
			hasScannedForEncodings = 0;
			knownRegions = (
				en,
				Base,
			);
			mainGroup = 23F49187259498210013D1B1;
			productRefGroup = 23F49191259498210013D1B1 /* Products */;
			projectDirPath = "";
			projectRoot = "";
			targets = (
				23F4918F259498210013D1B1 /* DynamicCollectionCells */,
			);
		};
/* End PBXProject section */

/* Begin PBXResourcesBuildPhase section */
		23F4918E259498210013D1B1 /* Resources */ = {
			isa = PBXResourcesBuildPhase;
			buildActionMask = 2147483647;
			files = (
				23F491A0259498240013D1B1 /* LaunchScreen.storyboard in Resources */,
				23F4919D259498240013D1B1 /* Assets.xcassets in Resources */,
				23F4919B259498210013D1B1 /* Main.storyboard in Resources */,
			);
			runOnlyForDeploymentPostprocessing = 0;
		};
/* End PBXResourcesBuildPhase section */

/* Begin PBXSourcesBuildPhase section */
		23F4918C259498210013D1B1 /* Sources */ = {
			isa = PBXSourcesBuildPhase;
			buildActionMask = 2147483647;
			files = (
				23F49198259498210013D1B1 /* ViewController.swift in Sources */,
				23F491B82594B4F30013D1B1 /* Data.swift in Sources */,
				23F49194259498210013D1B1 /* AppDelegate.swift in Sources */,
				23F491AC25949A760013D1B1 /* CollectionViewCell.swift in Sources */,
				23F49196259498210013D1B1 /* SceneDelegate.swift in Sources */,
			);
			runOnlyForDeploymentPostprocessing = 0;
		};
/* End PBXSourcesBuildPhase section */

/* Begin PBXVariantGroup section */
		23F49199259498210013D1B1 /* Main.storyboard */ = {
			isa = PBXVariantGroup;
			children = (
				23F4919A259498210013D1B1 /* Base */,
			);
			name = Main.storyboard;
			sourceTree = "<group>";
		};
		23F4919E259498240013D1B1 /* LaunchScreen.storyboard */ = {
			isa = PBXVariantGroup;
			children = (
				23F4919F259498240013D1B1 /* Base */,
			);
			name = LaunchScreen.storyboard;
			sourceTree = "<group>";
		};
/* End PBXVariantGroup section */

/* Begin XCBuildConfiguration section */
		23F491A2259498240013D1B1 /* Debug */ = {
			isa = XCBuildConfiguration;
			buildSettings = {
				ALWAYS_SEARCH_USER_PATHS = NO;
				CLANG_ANALYZER_NONNULL = YES;
				CLANG_ANALYZER_NUMBER_OBJECT_CONVERSION = YES_AGGRESSIVE;
				CLANG_CXX_LANGUAGE_STANDARD = "gnu++14";
				CLANG_CXX_LIBRARY = "libc++";
				CLANG_ENABLE_MODULES = YES;
				CLANG_ENABLE_OBJC_ARC = YES;
				CLANG_ENABLE_OBJC_WEAK = YES;
				CLANG_WARN_BLOCK_CAPTURE_AUTORELEASING = YES;
				CLANG_WARN_BOOL_CONVERSION = YES;
				CLANG_WARN_COMMA = YES;
				CLANG_WARN_CONSTANT_CONVERSION = YES;
				CLANG_WARN_DEPRECATED_OBJC_IMPLEMENTATIONS = YES;
				CLANG_WARN_DIRECT_OBJC_ISA_USAGE = YES_ERROR;
				CLANG_WARN_DOCUMENTATION_COMMENTS = YES;
				CLANG_WARN_EMPTY_BODY = YES;
				CLANG_WARN_ENUM_CONVERSION = YES;
				CLANG_WARN_INFINITE_RECURSION = YES;
				CLANG_WARN_INT_CONVERSION = YES;
				CLANG_WARN_NON_LITERAL_NULL_CONVERSION = YES;
				CLANG_WARN_OBJC_IMPLICIT_RETAIN_SELF = YES;
				CLANG_WARN_OBJC_LITERAL_CONVERSION = YES;
				CLANG_WARN_OBJC_ROOT_CLASS = YES_ERROR;
				CLANG_WARN_QUOTED_INCLUDE_IN_FRAMEWORK_HEADER = YES;
				CLANG_WARN_RANGE_LOOP_ANALYSIS = YES;
				CLANG_WARN_STRICT_PROTOTYPES = YES;
				CLANG_WARN_SUSPICIOUS_MOVE = YES;
				CLANG_WARN_UNGUARDED_AVAILABILITY = YES_AGGRESSIVE;
				CLANG_WARN_UNREACHABLE_CODE = YES;
				CLANG_WARN__DUPLICATE_METHOD_MATCH = YES;
				COPY_PHASE_STRIP = NO;
				DEBUG_INFORMATION_FORMAT = dwarf;
				ENABLE_STRICT_OBJC_MSGSEND = YES;
				ENABLE_TESTABILITY = YES;
				GCC_C_LANGUAGE_STANDARD = gnu11;
				GCC_DYNAMIC_NO_PIC = NO;
				GCC_NO_COMMON_BLOCKS = YES;
				GCC_OPTIMIZATION_LEVEL = 0;
				GCC_PREPROCESSOR_DEFINITIONS = (
					"DEBUG=1",
					"$(inherited)",
				);
				GCC_WARN_64_TO_32_BIT_CONVERSION = YES;
				GCC_WARN_ABOUT_RETURN_TYPE = YES_ERROR;
				GCC_WARN_UNDECLARED_SELECTOR = YES;
				GCC_WARN_UNINITIALIZED_AUTOS = YES_AGGRESSIVE;
				GCC_WARN_UNUSED_FUNCTION = YES;
				GCC_WARN_UNUSED_VARIABLE = YES;
				IPHONEOS_DEPLOYMENT_TARGET = 13.0;
				MTL_ENABLE_DEBUG_INFO = INCLUDE_SOURCE;
				MTL_FAST_MATH = YES;
				ONLY_ACTIVE_ARCH = YES;
				SDKROOT = iphoneos;
				SWIFT_ACTIVE_COMPILATION_CONDITIONS = DEBUG;
				SWIFT_OPTIMIZATION_LEVEL = "-Onone";
			};
			name = Debug;
		};
		23F491A3259498240013D1B1 /* Release */ = {
			isa = XCBuildConfiguration;
			buildSettings = {
				ALWAYS_SEARCH_USER_PATHS = NO;
				CLANG_ANALYZER_NONNULL = YES;
				CLANG_ANALYZER_NUMBER_OBJECT_CONVERSION = YES_AGGRESSIVE;
				CLANG_CXX_LANGUAGE_STANDARD = "gnu++14";
				CLANG_CXX_LIBRARY = "libc++";
				CLANG_ENABLE_MODULES = YES;
				CLANG_ENABLE_OBJC_ARC = YES;
				CLANG_ENABLE_OBJC_WEAK = YES;
				CLANG_WARN_BLOCK_CAPTURE_AUTORELEASING = YES;
				CLANG_WARN_BOOL_CONVERSION = YES;
				CLANG_WARN_COMMA = YES;
				CLANG_WARN_CONSTANT_CONVERSION = YES;
				CLANG_WARN_DEPRECATED_OBJC_IMPLEMENTATIONS = YES;
				CLANG_WARN_DIRECT_OBJC_ISA_USAGE = YES_ERROR;
				CLANG_WARN_DOCUMENTATION_COMMENTS = YES;
				CLANG_WARN_EMPTY_BODY = YES;
				CLANG_WARN_ENUM_CONVERSION = YES;
				CLANG_WARN_INFINITE_RECURSION = YES;
				CLANG_WARN_INT_CONVERSION = YES;
				CLANG_WARN_NON_LITERAL_NULL_CONVERSION = YES;
				CLANG_WARN_OBJC_IMPLICIT_RETAIN_SELF = YES;
				CLANG_WARN_OBJC_LITERAL_CONVERSION = YES;
				CLANG_WARN_OBJC_ROOT_CLASS = YES_ERROR;
				CLANG_WARN_QUOTED_INCLUDE_IN_FRAMEWORK_HEADER = YES;
				CLANG_WARN_RANGE_LOOP_ANALYSIS = YES;
				CLANG_WARN_STRICT_PROTOTYPES = YES;
				CLANG_WARN_SUSPICIOUS_MOVE = YES;
				CLANG_WARN_UNGUARDED_AVAILABILITY = YES_AGGRESSIVE;
				CLANG_WARN_UNREACHABLE_CODE = YES;
				CLANG_WARN__DUPLICATE_METHOD_MATCH = YES;
				COPY_PHASE_STRIP = NO;
				DEBUG_INFORMATION_FORMAT = "dwarf-with-dsym";
				ENABLE_NS_ASSERTIONS = NO;
				ENABLE_STRICT_OBJC_MSGSEND = YES;
				GCC_C_LANGUAGE_STANDARD = gnu11;
				GCC_NO_COMMON_BLOCKS = YES;
				GCC_WARN_64_TO_32_BIT_CONVERSION = YES;
				GCC_WARN_ABOUT_RETURN_TYPE = YES_ERROR;
				GCC_WARN_UNDECLARED_SELECTOR = YES;
				GCC_WARN_UNINITIALIZED_AUTOS = YES_AGGRESSIVE;
				GCC_WARN_UNUSED_FUNCTION = YES;
				GCC_WARN_UNUSED_VARIABLE = YES;
				IPHONEOS_DEPLOYMENT_TARGET = 13.0;
				MTL_ENABLE_DEBUG_INFO = NO;
				MTL_FAST_MATH = YES;
				SDKROOT = iphoneos;
				SWIFT_COMPILATION_MODE = wholemodule;
				SWIFT_OPTIMIZATION_LEVEL = "-O";
				VALIDATE_PRODUCT = YES;
			};
			name = Release;
		};
		23F491A5259498240013D1B1 /* Debug */ = {
			isa = XCBuildConfiguration;
			buildSettings = {
				ASSETCATALOG_COMPILER_APPICON_NAME = AppIcon;
				ASSETCATALOG_COMPILER_GLOBAL_ACCENT_COLOR_NAME = AccentColor;
				CODE_SIGN_STYLE = Automatic;
				DEVELOPMENT_TEAM = RYK6GDE7V9;
				INFOPLIST_FILE = DynamicCollectionCells/Info.plist;
				LD_RUNPATH_SEARCH_PATHS = (
					"$(inherited)",
					"@executable_path/Frameworks",
				);
				PRODUCT_BUNDLE_IDENTIFIER = com.smallworld.DynamicCollectionCells;
				PRODUCT_NAME = "$(TARGET_NAME)";
				SWIFT_VERSION = 5.0;
				TARGETED_DEVICE_FAMILY = "1,2";
			};
			name = Debug;
		};
		23F491A6259498240013D1B1 /* Release */ = {
			isa = XCBuildConfiguration;
			buildSettings = {
				ASSETCATALOG_COMPILER_APPICON_NAME = AppIcon;
				ASSETCATALOG_COMPILER_GLOBAL_ACCENT_COLOR_NAME = AccentColor;
				CODE_SIGN_STYLE = Automatic;
				DEVELOPMENT_TEAM = RYK6GDE7V9;
				INFOPLIST_FILE = DynamicCollectionCells/Info.plist;
				LD_RUNPATH_SEARCH_PATHS = (
					"$(inherited)",
					"@executable_path/Frameworks",
				);
				PRODUCT_BUNDLE_IDENTIFIER = com.smallworld.DynamicCollectionCells;
				PRODUCT_NAME = "$(TARGET_NAME)";
				SWIFT_VERSION = 5.0;
				TARGETED_DEVICE_FAMILY = "1,2";
			};
			name = Release;
		};
/* End XCBuildConfiguration section */

/* Begin XCConfigurationList section */
		23F4918B259498210013D1B1 /* Build configuration list for PBXProject "DynamicCollectionCells" */ = {
			isa = XCConfigurationList;
			buildConfigurations = (
				23F491A2259498240013D1B1 /* Debug */,
				23F491A3259498240013D1B1 /* Release */,
			);
			defaultConfigurationIsVisible = 0;
			defaultConfigurationName = Release;
		};
		23F491A4259498240013D1B1 /* Build configuration list for PBXNativeTarget "DynamicCollectionCells" */ = {
			isa = XCConfigurationList;
			buildConfigurations = (
				23F491A5259498240013D1B1 /* Debug */,
				23F491A6259498240013D1B1 /* Release */,
			);
			defaultConfigurationIsVisible = 0;
			defaultConfigurationName = Release;
		};
/* End XCConfigurationList section */
	};
	rootObject = 23F49188259498210013D1B1 /* Project object */;
}
